{
  "nodes": {
    "nixpkgs": {
      "locked": {
        "lastModified": 1788883829,
        "narHash": "sha256-VqVWOsQHnklc2R0UkDUhm4cyGmnlFWMC3f9Acp2blHY=",
        "owner": "NixOS",
        "repo": "nixpkgs",
        "rev": "555cb0f648dd138a7a3c250f4f4928767707c988",
        "type": "github"
      },
      "original": {
        "owner": "NixOS",
        "repo": "nixpkgs",
        "rev": "555cb0f648dd138a7a3c250f4f4928767707c988",
        "type": "github"
      }
    },
    "root": {
      "inputs": {
        "nixpkgs": "nixpkgs"
      }
    }
  },
  "root": "root",
  "version": 7
}
